
Microsoft Visual Studio Solution File, Format Version 12.00
# Visual Studio 15
VisualStudioVersion = 15.0.28307.1259
MinimumVisualStudioVersion = 10.0.40219.1
Project("{F184B08F-C81C-45F6-A57F-5ABD9991F28F}") = "Mod test", "Mod test\Mod test.vbproj", "{51AF3D9F-5809-43EF-965D-AA07C6F6912E}"
EndProject
Global
	GlobalSection(SolutionConfigurationPlatforms) = preSolution
		Debug|Any CPU = Debug|Any CPU
		Release|Any CPU = Release|Any CPU
	EndGlobalSection
	GlobalSection(ProjectConfigurationPlatforms) = postSolution
		{51AF3D9F-5809-43EF-965D-AA07C6F6912E}.Debug|Any CPU.ActiveCfg = Debug|Any CPU
		{51AF3D9F-5809-43EF-965D-AA07C6F6912E}.Debug|Any CPU.Build.0 = Debug|Any CPU
		{51AF3D9F-5809-43EF-965D-AA07C6F6912E}.Release|Any CPU.ActiveCfg = Release|Any CPU
		{51AF3D9F-5809-43EF-965D-AA07C6F6912E}.Release|Any CPU.Build.0 = Release|Any CPU
	EndGlobalSection
	GlobalSection(SolutionProperties) = preSolution
		HideSolutionNode = FALSE
	EndGlobalSection
	GlobalSection(ExtensibilityGlobals) = postSolution
		SolutionGuid = {36FDC166-CAEE-418A-ADE5-31A0BE7327BC}
	EndGlobalSection
EndGlobal
